
Microsoft Visual Studio Solution File, Format Version 12.00
# Visual Studio Version 17
VisualStudioVersion = 17.2.32616.157
MinimumVisualStudioVersion = 10.0.40219.1
Project("{9A19103F-16F7-4668-BE54-9A1E7A4F7556}") = "WebApi.Molde.Api", "WebApi.Molde.Api\WebApi.Molde.Api.csproj", "{00529FCD-19CC-452D-B242-5DC8B25FD8A4}"
EndProject
Project("{FAE04EC0-301F-11D3-BF4B-00C04F79EFBC}") = "WebApi.Molde.Application", "WebApi.Molde.Application\WebApi.Molde.Application.csproj", "{FDABE53D-B152-431F-8E73-15BF6BA79B83}"
EndProject
Project("{FAE04EC0-301F-11D3-BF4B-00C04F79EFBC}") = "WebApi.Molde.Domain", "WebApi.Molde.Domain\WebApi.Molde.Domain.csproj", "{B4CF5A8D-8A4B-40D1-B9A8-6CB1682674E6}"
EndProject
Project("{FAE04EC0-301F-11D3-BF4B-00C04F79EFBC}") = "WebApi.Molde.Infra", "WebApi.Molde.Infra\WebApi.Molde.Infra.csproj", "{C91C259D-E6AC-4A20-ABDC-345758F56525}"
EndProject
Global
	GlobalSection(SolutionConfigurationPlatforms) = preSolution
		Debug|Any CPU = Debug|Any CPU
		Release|Any CPU = Release|Any CPU
	EndGlobalSection
	GlobalSection(ProjectConfigurationPlatforms) = postSolution
		{00529FCD-19CC-452D-B242-5DC8B25FD8A4}.Debug|Any CPU.ActiveCfg = Debug|Any CPU
		{00529FCD-19CC-452D-B242-5DC8B25FD8A4}.Debug|Any CPU.Build.0 = Debug|Any CPU
		{00529FCD-19CC-452D-B242-5DC8B25FD8A4}.Release|Any CPU.ActiveCfg = Release|Any CPU
		{00529FCD-19CC-452D-B242-5DC8B25FD8A4}.Release|Any CPU.Build.0 = Release|Any CPU
		{FDABE53D-B152-431F-8E73-15BF6BA79B83}.Debug|Any CPU.ActiveCfg = Debug|Any CPU
		{FDABE53D-B152-431F-8E73-15BF6BA79B83}.Debug|Any CPU.Build.0 = Debug|Any CPU
		{FDABE53D-B152-431F-8E73-15BF6BA79B83}.Release|Any CPU.ActiveCfg = Release|Any CPU
		{FDABE53D-B152-431F-8E73-15BF6BA79B83}.Release|Any CPU.Build.0 = Release|Any CPU
		{B4CF5A8D-8A4B-40D1-B9A8-6CB1682674E6}.Debug|Any CPU.ActiveCfg = Debug|Any CPU
		{B4CF5A8D-8A4B-40D1-B9A8-6CB1682674E6}.Debug|Any CPU.Build.0 = Debug|Any CPU
		{B4CF5A8D-8A4B-40D1-B9A8-6CB1682674E6}.Release|Any CPU.ActiveCfg = Release|Any CPU
		{B4CF5A8D-8A4B-40D1-B9A8-6CB1682674E6}.Release|Any CPU.Build.0 = Release|Any CPU
		{C91C259D-E6AC-4A20-ABDC-345758F56525}.Debug|Any CPU.ActiveCfg = Debug|Any CPU
		{C91C259D-E6AC-4A20-ABDC-345758F56525}.Debug|Any CPU.Build.0 = Debug|Any CPU
		{C91C259D-E6AC-4A20-ABDC-345758F56525}.Release|Any CPU.ActiveCfg = Release|Any CPU
		{C91C259D-E6AC-4A20-ABDC-345758F56525}.Release|Any CPU.Build.0 = Release|Any CPU
	EndGlobalSection
	GlobalSection(SolutionProperties) = preSolution
		HideSolutionNode = FALSE
	EndGlobalSection
	GlobalSection(ExtensibilityGlobals) = postSolution
		SolutionGuid = {DD20EF4B-8BD8-4968-8035-3BB8B95B7314}
	EndGlobalSection
EndGlobal
